
Microsoft Visual Studio Solution File, Format Version 12.00
# Visual Studio 2012
Project("{FAE04EC0-301F-11D3-BF4B-00C04F79EFBC}") = "CapaDatos", "CapaDatos\CapaDatos.csproj", "{800FAC60-5084-4708-B212-E030BE6D4AF0}"
EndProject
Project("{FAE04EC0-301F-11D3-BF4B-00C04F79EFBC}") = "CapaEntidad", "CapaEntidad\CapaEntidad.csproj", "{D85C1B80-DC48-4C52-A45C-42D19B4EC35B}"
EndProject
Project("{FAE04EC0-301F-11D3-BF4B-00C04F79EFBC}") = "CapaNegocio", "CapaNegocio\CapaNegocio.csproj", "{A8161EB9-B9F9-4375-B65B-BE25E7D4B862}"
EndProject
Project("{FAE04EC0-301F-11D3-BF4B-00C04F79EFBC}") = "WsMovil", "WsMovil\WsMovil.csproj", "{76AF1359-DE6A-428E-9914-3B4214200661}"
EndProject
Global
	GlobalSection(SolutionConfigurationPlatforms) = preSolution
		Debug|Any CPU = Debug|Any CPU
		Release|Any CPU = Release|Any CPU
	EndGlobalSection
	GlobalSection(ProjectConfigurationPlatforms) = postSolution
		{800FAC60-5084-4708-B212-E030BE6D4AF0}.Debug|Any CPU.ActiveCfg = Debug|Any CPU
		{800FAC60-5084-4708-B212-E030BE6D4AF0}.Debug|Any CPU.Build.0 = Debug|Any CPU
		{800FAC60-5084-4708-B212-E030BE6D4AF0}.Release|Any CPU.ActiveCfg = Release|Any CPU
		{800FAC60-5084-4708-B212-E030BE6D4AF0}.Release|Any CPU.Build.0 = Release|Any CPU
		{D85C1B80-DC48-4C52-A45C-42D19B4EC35B}.Debug|Any CPU.ActiveCfg = Debug|Any CPU
		{D85C1B80-DC48-4C52-A45C-42D19B4EC35B}.Debug|Any CPU.Build.0 = Debug|Any CPU
		{D85C1B80-DC48-4C52-A45C-42D19B4EC35B}.Release|Any CPU.ActiveCfg = Release|Any CPU
		{D85C1B80-DC48-4C52-A45C-42D19B4EC35B}.Release|Any CPU.Build.0 = Release|Any CPU
		{A8161EB9-B9F9-4375-B65B-BE25E7D4B862}.Debug|Any CPU.ActiveCfg = Debug|Any CPU
		{A8161EB9-B9F9-4375-B65B-BE25E7D4B862}.Debug|Any CPU.Build.0 = Debug|Any CPU
		{A8161EB9-B9F9-4375-B65B-BE25E7D4B862}.Release|Any CPU.ActiveCfg = Release|Any CPU
		{A8161EB9-B9F9-4375-B65B-BE25E7D4B862}.Release|Any CPU.Build.0 = Release|Any CPU
		{76AF1359-DE6A-428E-9914-3B4214200661}.Debug|Any CPU.ActiveCfg = Debug|Any CPU
		{76AF1359-DE6A-428E-9914-3B4214200661}.Debug|Any CPU.Build.0 = Debug|Any CPU
		{76AF1359-DE6A-428E-9914-3B4214200661}.Release|Any CPU.ActiveCfg = Release|Any CPU
		{76AF1359-DE6A-428E-9914-3B4214200661}.Release|Any CPU.Build.0 = Release|Any CPU
	EndGlobalSection
	GlobalSection(SolutionProperties) = preSolution
		HideSolutionNode = FALSE
	EndGlobalSection
EndGlobal
